
Microsoft Visual Studio Solution File, Format Version 12.00
# Visual Studio 2012
Project("{FAE04EC0-301F-11D3-BF4B-00C04F79EFBC}") = "BackPocketXamarin", "BackPocketXamarin\BackPocketXamarin.csproj", "{E906D166-AD5A-4875-9FCB-8AE856F01582}"
EndProject
Project("{FAE04EC0-301F-11D3-BF4B-00C04F79EFBC}") = "BackPocketXamarin.iOS", "iOS\BackPocketXamarin.iOS.csproj", "{17A91C0B-D6BC-46AE-947A-BC9EF85D490C}"
EndProject
Project("{FAE04EC0-301F-11D3-BF4B-00C04F79EFBC}") = "BackPocketXamarin.Droid", "Droid\BackPocketXamarin.Droid.csproj", "{3E719A0F-0891-41BF-917D-53A2CF2A2BFC}"
EndProject
Global
	GlobalSection(SolutionConfigurationPlatforms) = preSolution
		Debug|Any CPU = Debug|Any CPU
		Release|Any CPU = Release|Any CPU
		Debug|iPhoneSimulator = Debug|iPhoneSimulator
		Release|iPhone = Release|iPhone
		Release|iPhoneSimulator = Release|iPhoneSimulator
		Debug|iPhone = Debug|iPhone
	EndGlobalSection
	GlobalSection(ProjectConfigurationPlatforms) = postSolution
		{E906D166-AD5A-4875-9FCB-8AE856F01582}.Debug|Any CPU.ActiveCfg = Debug|Any CPU
		{E906D166-AD5A-4875-9FCB-8AE856F01582}.Debug|Any CPU.Build.0 = Debug|Any CPU
		{E906D166-AD5A-4875-9FCB-8AE856F01582}.Release|Any CPU.ActiveCfg = Release|Any CPU
		{E906D166-AD5A-4875-9FCB-8AE856F01582}.Release|Any CPU.Build.0 = Release|Any CPU
		{E906D166-AD5A-4875-9FCB-8AE856F01582}.Debug|iPhoneSimulator.ActiveCfg = Debug|Any CPU
		{E906D166-AD5A-4875-9FCB-8AE856F01582}.Debug|iPhoneSimulator.Build.0 = Debug|Any CPU
		{E906D166-AD5A-4875-9FCB-8AE856F01582}.Release|iPhone.ActiveCfg = Release|Any CPU
		{E906D166-AD5A-4875-9FCB-8AE856F01582}.Release|iPhone.Build.0 = Release|Any CPU
		{E906D166-AD5A-4875-9FCB-8AE856F01582}.Release|iPhoneSimulator.ActiveCfg = Release|Any CPU
		{E906D166-AD5A-4875-9FCB-8AE856F01582}.Release|iPhoneSimulator.Build.0 = Release|Any CPU
		{E906D166-AD5A-4875-9FCB-8AE856F01582}.Debug|iPhone.ActiveCfg = Debug|Any CPU
		{E906D166-AD5A-4875-9FCB-8AE856F01582}.Debug|iPhone.Build.0 = Debug|Any CPU
		{17A91C0B-D6BC-46AE-947A-BC9EF85D490C}.Debug|Any CPU.ActiveCfg = Debug|iPhoneSimulator
		{17A91C0B-D6BC-46AE-947A-BC9EF85D490C}.Debug|Any CPU.Build.0 = Debug|iPhoneSimulator
		{17A91C0B-D6BC-46AE-947A-BC9EF85D490C}.Release|Any CPU.ActiveCfg = Release|iPhone
		{17A91C0B-D6BC-46AE-947A-BC9EF85D490C}.Release|Any CPU.Build.0 = Release|iPhone
		{17A91C0B-D6BC-46AE-947A-BC9EF85D490C}.Debug|iPhoneSimulator.ActiveCfg = Debug|iPhoneSimulator
		{17A91C0B-D6BC-46AE-947A-BC9EF85D490C}.Debug|iPhoneSimulator.Build.0 = Debug|iPhoneSimulator
		{17A91C0B-D6BC-46AE-947A-BC9EF85D490C}.Release|iPhone.ActiveCfg = Release|iPhone
		{17A91C0B-D6BC-46AE-947A-BC9EF85D490C}.Release|iPhone.Build.0 = Release|iPhone
		{17A91C0B-D6BC-46AE-947A-BC9EF85D490C}.Release|iPhoneSimulator.ActiveCfg = Release|iPhoneSimulator
		{17A91C0B-D6BC-46AE-947A-BC9EF85D490C}.Release|iPhoneSimulator.Build.0 = Release|iPhoneSimulator
		{17A91C0B-D6BC-46AE-947A-BC9EF85D490C}.Debug|iPhone.ActiveCfg = Debug|iPhone
		{17A91C0B-D6BC-46AE-947A-BC9EF85D490C}.Debug|iPhone.Build.0 = Debug|iPhone
		{3E719A0F-0891-41BF-917D-53A2CF2A2BFC}.Debug|Any CPU.ActiveCfg = Debug|Any CPU
		{3E719A0F-0891-41BF-917D-53A2CF2A2BFC}.Debug|Any CPU.Build.0 = Debug|Any CPU
		{3E719A0F-0891-41BF-917D-53A2CF2A2BFC}.Release|Any CPU.ActiveCfg = Release|Any CPU
		{3E719A0F-0891-41BF-917D-53A2CF2A2BFC}.Release|Any CPU.Build.0 = Release|Any CPU
		{3E719A0F-0891-41BF-917D-53A2CF2A2BFC}.Debug|iPhoneSimulator.ActiveCfg = Debug|Any CPU
		{3E719A0F-0891-41BF-917D-53A2CF2A2BFC}.Debug|iPhoneSimulator.Build.0 = Debug|Any CPU
		{3E719A0F-0891-41BF-917D-53A2CF2A2BFC}.Release|iPhone.ActiveCfg = Release|Any CPU
		{3E719A0F-0891-41BF-917D-53A2CF2A2BFC}.Release|iPhone.Build.0 = Release|Any CPU
		{3E719A0F-0891-41BF-917D-53A2CF2A2BFC}.Release|iPhoneSimulator.ActiveCfg = Release|Any CPU
		{3E719A0F-0891-41BF-917D-53A2CF2A2BFC}.Release|iPhoneSimulator.Build.0 = Release|Any CPU
		{3E719A0F-0891-41BF-917D-53A2CF2A2BFC}.Debug|iPhone.ActiveCfg = Debug|Any CPU
		{3E719A0F-0891-41BF-917D-53A2CF2A2BFC}.Debug|iPhone.Build.0 = Debug|Any CPU
	EndGlobalSection
EndGlobal
